
Microsoft Visual Studio Solution File, Format Version 12.00
# Visual Studio Version 17
VisualStudioVersion = 17.7.34031.279
MinimumVisualStudioVersion = 10.0.40219.1
Project("{FAE04EC0-301F-11D3-BF4B-00C04F79EFBC}") = "TimeStampEmbedder", "TimeStampEmbedder\TimeStampEmbedder.csproj", "{207D0F73-87C0-403D-A0B1-B4A11ADE5991}"
EndProject
Global
	GlobalSection(SolutionConfigurationPlatforms) = preSolution
		Debug|Any CPU = Debug|Any CPU
		Release|Any CPU = Release|Any CPU
	EndGlobalSection
	GlobalSection(ProjectConfigurationPlatforms) = postSolution
		{207D0F73-87C0-403D-A0B1-B4A11ADE5991}.Debug|Any CPU.ActiveCfg = Debug|Any CPU
		{207D0F73-87C0-403D-A0B1-B4A11ADE5991}.Debug|Any CPU.Build.0 = Debug|Any CPU
		{207D0F73-87C0-403D-A0B1-B4A11ADE5991}.Release|Any CPU.ActiveCfg = Release|Any CPU
		{207D0F73-87C0-403D-A0B1-B4A11ADE5991}.Release|Any CPU.Build.0 = Release|Any CPU
	EndGlobalSection
	GlobalSection(SolutionProperties) = preSolution
		HideSolutionNode = FALSE
	EndGlobalSection
	GlobalSection(ExtensibilityGlobals) = postSolution
		SolutionGuid = {8364EF0F-3B0D-4AA8-9924-74BB251BB502}
	EndGlobalSection
EndGlobal
